
Microsoft Visual Studio Solution File, Format Version 12.00
# Visual Studio Version 17
VisualStudioVersion = 17.9.34728.123
MinimumVisualStudioVersion = 10.0.40219.1
Project("{FAE04EC0-301F-11D3-BF4B-00C04F79EFBC}") = "PeruAPI", "PeruAPI\PeruAPI.csproj", "{44F5ED5F-A22A-47CB-AE2D-638BB00C3144}"
EndProject
Global
	GlobalSection(SolutionConfigurationPlatforms) = preSolution
		Debug|Any CPU = Debug|Any CPU
		Release|Any CPU = Release|Any CPU
	EndGlobalSection
	GlobalSection(ProjectConfigurationPlatforms) = postSolution
		{44F5ED5F-A22A-47CB-AE2D-638BB00C3144}.Debug|Any CPU.ActiveCfg = Debug|Any CPU
		{44F5ED5F-A22A-47CB-AE2D-638BB00C3144}.Debug|Any CPU.Build.0 = Debug|Any CPU
		{44F5ED5F-A22A-47CB-AE2D-638BB00C3144}.Release|Any CPU.ActiveCfg = Release|Any CPU
		{44F5ED5F-A22A-47CB-AE2D-638BB00C3144}.Release|Any CPU.Build.0 = Release|Any CPU
	EndGlobalSection
	GlobalSection(SolutionProperties) = preSolution
		HideSolutionNode = FALSE
	EndGlobalSection
	GlobalSection(ExtensibilityGlobals) = postSolution
		SolutionGuid = {B5CDB26A-4990-470D-9964-A3A365210EBA}
	EndGlobalSection
EndGlobal
